
Microsoft Visual Studio Solution File, Format Version 12.00
# Visual Studio 15
VisualStudioVersion = 15.0.27130.2010
MinimumVisualStudioVersion = 10.0.40219.1
Project("{2150E333-8FDC-42A3-9474-1A3956D46DE8}") = "BatchProcessingFramework", "BatchProcessingFramework", "{1DA79604-049B-4C1B-AA3B-56F6B605DC01}"
EndProject
Project("{9A19103F-16F7-4668-BE54-9A1E7A4F7556}") = "BatchProcessor.Client", "BatchProcessingClient.Interface\BatchProcessor.Client.csproj", "{433601AC-70AE-4AC1-9800-73A8F697E190}"
EndProject
Project("{9A19103F-16F7-4668-BE54-9A1E7A4F7556}") = "BatchProcessor.Library", "BatchProcessor.Library\BatchProcessor.Library.csproj", "{ED99E405-86BB-44D3-ADF4-551B2E8EB7B7}"
EndProject
Project("{9A19103F-16F7-4668-BE54-9A1E7A4F7556}") = "BatchProcessor.Model", "BatchProcessor.Model\BatchProcessor.Model.csproj", "{CD01F127-0F34-4741-95EB-BDEB865BC4B1}"
EndProject
Project("{9A19103F-16F7-4668-BE54-9A1E7A4F7556}") = "BatchProcessor.Config", "BatchProcessorConfig\BatchProcessor.Config.csproj", "{024F81D8-3F6F-48D7-83FB-923D43D9F050}"
EndProject
Project("{9A19103F-16F7-4668-BE54-9A1E7A4F7556}") = "BatchProcessor.Host", "BatchProcessorHost\BatchProcessor.Host.csproj", "{0CA1CD69-5C0B-4403-AE0B-ADC70ED6154D}"
EndProject
Project("{9A19103F-16F7-4668-BE54-9A1E7A4F7556}") = "BatchProcessUnitTest", "BatchProcessUnitTest\BatchProcessUnitTest.csproj", "{FABE7CAC-7F28-4D5A-BC4A-073C9E5C4651}"
EndProject
Project("{9A19103F-16F7-4668-BE54-9A1E7A4F7556}") = "BatchProcessor.AWS.SQS.WorkQueue", "WorkQueue.AWS.SQS\BatchProcessor.AWS.SQS.WorkQueue.csproj", "{EDD45E32-C105-4D9C-8A77-4899F8C77B88}"
EndProject
Project("{2150E333-8FDC-42A3-9474-1A3956D46DE8}") = "AWS", "AWS", "{A28647A4-758A-4528-A457-CD86CCEB5918}"
EndProject
Project("{9A19103F-16F7-4668-BE54-9A1E7A4F7556}") = "BatchProcessor.AWS.S3.DataStore", "DataStore.AWS.S3\BatchProcessor.AWS.S3.DataStore.csproj", "{F8CE14A9-334B-4009-9AD1-9D996D6251FB}"
EndProject
Project("{2150E333-8FDC-42A3-9474-1A3956D46DE8}") = "BatchProcessor", "BatchProcessor", "{46C8795E-C0D8-4167-A3A3-76EC37F34DFE}"
EndProject
Project("{2150E333-8FDC-42A3-9474-1A3956D46DE8}") = "Test", "Test", "{B6025E05-D1F1-4300-95C5-D67E8FB1290F}"
EndProject
Project("{2150E333-8FDC-42A3-9474-1A3956D46DE8}") = "Workers", "Workers", "{511475E9-9C78-4140-8E03-BBA791CC6530}"
EndProject
Project("{9A19103F-16F7-4668-BE54-9A1E7A4F7556}") = "BatchProcessor.AWS.SimpleDB.DataStore", "DataStore.AWS.SimpleDB\BatchProcessor.AWS.SimpleDB.DataStore.csproj", "{99368808-9A9E-4C85-86A1-032F888B5723}"
EndProject
Project("{9A19103F-16F7-4668-BE54-9A1E7A4F7556}") = "BatchProcessor.AWS.DynamoDB.DataStore", "DataStore.AWS.DynamoDB\BatchProcessor.AWS.DynamoDB.DataStore.csproj", "{84050FBD-C3DF-4AD8-B68D-70382AB0431C}"
EndProject
Project("{9A19103F-16F7-4668-BE54-9A1E7A4F7556}") = "BatchProcessor.Logging", "BatchProcessing.Logger\BatchProcessor.Logging.csproj", "{47749577-B4E0-43F5-8F4F-23950926CF52}"
EndProject
Project("{FAE04EC0-301F-11D3-BF4B-00C04F79EFBC}") = "BatchProcessor.Host.FullDotNet", "BatchProcessorHost.FullDotNet\BatchProcessor.Host.FullDotNet.csproj", "{2DF5B172-4F2B-4D17-B76A-A5538E40261B}"
EndProject
Project("{9A19103F-16F7-4668-BE54-9A1E7A4F7556}") = "BatchProcessor.ComponentFactory", "BatchProcessing.ComponentFactory\BatchProcessor.ComponentFactory.csproj", "{FAC54C31-0B95-4214-BA2C-C2B1C37D4FFC}"
EndProject
Project("{9A19103F-16F7-4668-BE54-9A1E7A4F7556}") = "Worker.SampleWorker", "Worker.ImageVerificationCheckBase\Worker.SampleWorker.csproj", "{6C4D5D85-F488-4D42-AFAB-9A427B55E564}"
EndProject
Project("{9A19103F-16F7-4668-BE54-9A1E7A4F7556}") = "BatchProcessor.DefaultComponents", "BatchProcessor.DefaultComponents\BatchProcessor.DefaultComponents.csproj", "{746CECCE-814E-4C1B-9595-4280EDD68761}"
EndProject
Project("{2150E333-8FDC-42A3-9474-1A3956D46DE8}") = "Azure", "Azure", "{ED256E90-2BBB-410E-B356-53AEBFC0A28C}"
EndProject
Project("{9A19103F-16F7-4668-BE54-9A1E7A4F7556}") = "BatchProcessor.Azure.ServiceBusQueue.WorkQueue", "BatchProcessor.Azure.ServiceBusQueue.WorkQueue\BatchProcessor.Azure.ServiceBusQueue.WorkQueue.csproj", "{81EE5E80-8A0C-4570-8D53-7F4B4E9E3F79}"
EndProject
Project("{FAE04EC0-301F-11D3-BF4B-00C04F79EFBC}") = "BatchProcessor.Azure.ServiceBusTest", "BatchProcessor.Azure.ServiceBusTest\BatchProcessor.Azure.ServiceBusTest.csproj", "{C3789116-497F-4AA5-B55B-C52301E47BE9}"
EndProject
Project("{FAE04EC0-301F-11D3-BF4B-00C04F79EFBC}") = "BatchProcessor.UnitTest", "BatchProcessor.UnitTest\BatchProcessor.UnitTest.csproj", "{A3E08FD1-055C-430A-9254-A71734A8E97C}"
EndProject
Project("{2150E333-8FDC-42A3-9474-1A3956D46DE8}") = "Solution Items", "Solution Items", "{C1D2243A-01AE-4806-A3BA-E6FE677B932E}"
	ProjectSection(SolutionItems) = preProject
		LICENSE.txt = LICENSE.txt
	EndProjectSection
EndProject
Project("{9A19103F-16F7-4668-BE54-9A1E7A4F7556}") = "BatchProcessor.AWS.DynamoDB", "ResultStore.AWS.DynamoDB\BatchProcessor.AWS.DynamoDB.csproj", "{A1D34D8A-1B64-4B18-8600-A6BEF9E86068}"
EndProject
Project("{9A19103F-16F7-4668-BE54-9A1E7A4F7556}") = "WorkItemStorage.AWS.DynamoDB", "WorkItemStorage.AWS.DynamoDB\WorkItemStorage.AWS.DynamoDB.csproj", "{55758D21-7946-4AAD-B06A-8281AB1920EE}"
EndProject
Global
	GlobalSection(SolutionConfigurationPlatforms) = preSolution
		Debug|Any CPU = Debug|Any CPU
		Release|Any CPU = Release|Any CPU
	EndGlobalSection
	GlobalSection(ProjectConfigurationPlatforms) = postSolution
		{433601AC-70AE-4AC1-9800-73A8F697E190}.Debug|Any CPU.ActiveCfg = Debug|Any CPU
		{433601AC-70AE-4AC1-9800-73A8F697E190}.Debug|Any CPU.Build.0 = Debug|Any CPU
		{433601AC-70AE-4AC1-9800-73A8F697E190}.Release|Any CPU.ActiveCfg = Release|Any CPU
		{433601AC-70AE-4AC1-9800-73A8F697E190}.Release|Any CPU.Build.0 = Release|Any CPU
		{ED99E405-86BB-44D3-ADF4-551B2E8EB7B7}.Debug|Any CPU.ActiveCfg = Debug|Any CPU
		{ED99E405-86BB-44D3-ADF4-551B2E8EB7B7}.Debug|Any CPU.Build.0 = Debug|Any CPU
		{ED99E405-86BB-44D3-ADF4-551B2E8EB7B7}.Release|Any CPU.ActiveCfg = Release|Any CPU
		{ED99E405-86BB-44D3-ADF4-551B2E8EB7B7}.Release|Any CPU.Build.0 = Release|Any CPU
		{CD01F127-0F34-4741-95EB-BDEB865BC4B1}.Debug|Any CPU.ActiveCfg = Debug|Any CPU
		{CD01F127-0F34-4741-95EB-BDEB865BC4B1}.Debug|Any CPU.Build.0 = Debug|Any CPU
		{CD01F127-0F34-4741-95EB-BDEB865BC4B1}.Release|Any CPU.ActiveCfg = Release|Any CPU
		{CD01F127-0F34-4741-95EB-BDEB865BC4B1}.Release|Any CPU.Build.0 = Release|Any CPU
		{024F81D8-3F6F-48D7-83FB-923D43D9F050}.Debug|Any CPU.ActiveCfg = Debug|Any CPU
		{024F81D8-3F6F-48D7-83FB-923D43D9F050}.Debug|Any CPU.Build.0 = Debug|Any CPU
		{024F81D8-3F6F-48D7-83FB-923D43D9F050}.Release|Any CPU.ActiveCfg = Release|Any CPU
		{024F81D8-3F6F-48D7-83FB-923D43D9F050}.Release|Any CPU.Build.0 = Release|Any CPU
		{0CA1CD69-5C0B-4403-AE0B-ADC70ED6154D}.Debug|Any CPU.ActiveCfg = Debug|Any CPU
		{0CA1CD69-5C0B-4403-AE0B-ADC70ED6154D}.Debug|Any CPU.Build.0 = Debug|Any CPU
		{0CA1CD69-5C0B-4403-AE0B-ADC70ED6154D}.Release|Any CPU.ActiveCfg = Release|Any CPU
		{0CA1CD69-5C0B-4403-AE0B-ADC70ED6154D}.Release|Any CPU.Build.0 = Release|Any CPU
		{FABE7CAC-7F28-4D5A-BC4A-073C9E5C4651}.Debug|Any CPU.ActiveCfg = Debug|Any CPU
		{FABE7CAC-7F28-4D5A-BC4A-073C9E5C4651}.Debug|Any CPU.Build.0 = Debug|Any CPU
		{FABE7CAC-7F28-4D5A-BC4A-073C9E5C4651}.Release|Any CPU.ActiveCfg = Release|Any CPU
		{FABE7CAC-7F28-4D5A-BC4A-073C9E5C4651}.Release|Any CPU.Build.0 = Release|Any CPU
		{EDD45E32-C105-4D9C-8A77-4899F8C77B88}.Debug|Any CPU.ActiveCfg = Debug|Any CPU
		{EDD45E32-C105-4D9C-8A77-4899F8C77B88}.Debug|Any CPU.Build.0 = Debug|Any CPU
		{EDD45E32-C105-4D9C-8A77-4899F8C77B88}.Release|Any CPU.ActiveCfg = Release|Any CPU
		{EDD45E32-C105-4D9C-8A77-4899F8C77B88}.Release|Any CPU.Build.0 = Release|Any CPU
		{F8CE14A9-334B-4009-9AD1-9D996D6251FB}.Debug|Any CPU.ActiveCfg = Debug|Any CPU
		{F8CE14A9-334B-4009-9AD1-9D996D6251FB}.Debug|Any CPU.Build.0 = Debug|Any CPU
		{F8CE14A9-334B-4009-9AD1-9D996D6251FB}.Release|Any CPU.ActiveCfg = Release|Any CPU
		{F8CE14A9-334B-4009-9AD1-9D996D6251FB}.Release|Any CPU.Build.0 = Release|Any CPU
		{99368808-9A9E-4C85-86A1-032F888B5723}.Debug|Any CPU.ActiveCfg = Debug|Any CPU
		{99368808-9A9E-4C85-86A1-032F888B5723}.Debug|Any CPU.Build.0 = Debug|Any CPU
		{99368808-9A9E-4C85-86A1-032F888B5723}.Release|Any CPU.ActiveCfg = Release|Any CPU
		{99368808-9A9E-4C85-86A1-032F888B5723}.Release|Any CPU.Build.0 = Release|Any CPU
		{84050FBD-C3DF-4AD8-B68D-70382AB0431C}.Debug|Any CPU.ActiveCfg = Debug|Any CPU
		{84050FBD-C3DF-4AD8-B68D-70382AB0431C}.Debug|Any CPU.Build.0 = Debug|Any CPU
		{84050FBD-C3DF-4AD8-B68D-70382AB0431C}.Release|Any CPU.ActiveCfg = Release|Any CPU
		{84050FBD-C3DF-4AD8-B68D-70382AB0431C}.Release|Any CPU.Build.0 = Release|Any CPU
		{47749577-B4E0-43F5-8F4F-23950926CF52}.Debug|Any CPU.ActiveCfg = Debug|Any CPU
		{47749577-B4E0-43F5-8F4F-23950926CF52}.Debug|Any CPU.Build.0 = Debug|Any CPU
		{47749577-B4E0-43F5-8F4F-23950926CF52}.Release|Any CPU.ActiveCfg = Release|Any CPU
		{47749577-B4E0-43F5-8F4F-23950926CF52}.Release|Any CPU.Build.0 = Release|Any CPU
		{2DF5B172-4F2B-4D17-B76A-A5538E40261B}.Debug|Any CPU.ActiveCfg = Debug|Any CPU
		{2DF5B172-4F2B-4D17-B76A-A5538E40261B}.Debug|Any CPU.Build.0 = Debug|Any CPU
		{2DF5B172-4F2B-4D17-B76A-A5538E40261B}.Release|Any CPU.ActiveCfg = Release|Any CPU
		{2DF5B172-4F2B-4D17-B76A-A5538E40261B}.Release|Any CPU.Build.0 = Release|Any CPU
		{FAC54C31-0B95-4214-BA2C-C2B1C37D4FFC}.Debug|Any CPU.ActiveCfg = Debug|Any CPU
		{FAC54C31-0B95-4214-BA2C-C2B1C37D4FFC}.Debug|Any CPU.Build.0 = Debug|Any CPU
		{FAC54C31-0B95-4214-BA2C-C2B1C37D4FFC}.Release|Any CPU.ActiveCfg = Release|Any CPU
		{FAC54C31-0B95-4214-BA2C-C2B1C37D4FFC}.Release|Any CPU.Build.0 = Release|Any CPU
		{6C4D5D85-F488-4D42-AFAB-9A427B55E564}.Debug|Any CPU.ActiveCfg = Debug|Any CPU
		{6C4D5D85-F488-4D42-AFAB-9A427B55E564}.Debug|Any CPU.Build.0 = Debug|Any CPU
		{6C4D5D85-F488-4D42-AFAB-9A427B55E564}.Release|Any CPU.ActiveCfg = Release|Any CPU
		{6C4D5D85-F488-4D42-AFAB-9A427B55E564}.Release|Any CPU.Build.0 = Release|Any CPU
		{746CECCE-814E-4C1B-9595-4280EDD68761}.Debug|Any CPU.ActiveCfg = Debug|Any CPU
		{746CECCE-814E-4C1B-9595-4280EDD68761}.Debug|Any CPU.Build.0 = Debug|Any CPU
		{746CECCE-814E-4C1B-9595-4280EDD68761}.Release|Any CPU.ActiveCfg = Release|Any CPU
		{746CECCE-814E-4C1B-9595-4280EDD68761}.Release|Any CPU.Build.0 = Release|Any CPU
		{81EE5E80-8A0C-4570-8D53-7F4B4E9E3F79}.Debug|Any CPU.ActiveCfg = Debug|Any CPU
		{81EE5E80-8A0C-4570-8D53-7F4B4E9E3F79}.Debug|Any CPU.Build.0 = Debug|Any CPU
		{81EE5E80-8A0C-4570-8D53-7F4B4E9E3F79}.Release|Any CPU.ActiveCfg = Release|Any CPU
		{81EE5E80-8A0C-4570-8D53-7F4B4E9E3F79}.Release|Any CPU.Build.0 = Release|Any CPU
		{C3789116-497F-4AA5-B55B-C52301E47BE9}.Debug|Any CPU.ActiveCfg = Debug|Any CPU
		{C3789116-497F-4AA5-B55B-C52301E47BE9}.Debug|Any CPU.Build.0 = Debug|Any CPU
		{C3789116-497F-4AA5-B55B-C52301E47BE9}.Release|Any CPU.ActiveCfg = Release|Any CPU
		{C3789116-497F-4AA5-B55B-C52301E47BE9}.Release|Any CPU.Build.0 = Release|Any CPU
		{A3E08FD1-055C-430A-9254-A71734A8E97C}.Debug|Any CPU.ActiveCfg = Debug|Any CPU
		{A3E08FD1-055C-430A-9254-A71734A8E97C}.Debug|Any CPU.Build.0 = Debug|Any CPU
		{A3E08FD1-055C-430A-9254-A71734A8E97C}.Release|Any CPU.ActiveCfg = Release|Any CPU
		{A3E08FD1-055C-430A-9254-A71734A8E97C}.Release|Any CPU.Build.0 = Release|Any CPU
		{A1D34D8A-1B64-4B18-8600-A6BEF9E86068}.Debug|Any CPU.ActiveCfg = Debug|Any CPU
		{A1D34D8A-1B64-4B18-8600-A6BEF9E86068}.Debug|Any CPU.Build.0 = Debug|Any CPU
		{A1D34D8A-1B64-4B18-8600-A6BEF9E86068}.Release|Any CPU.ActiveCfg = Release|Any CPU
		{A1D34D8A-1B64-4B18-8600-A6BEF9E86068}.Release|Any CPU.Build.0 = Release|Any CPU
		{55758D21-7946-4AAD-B06A-8281AB1920EE}.Debug|Any CPU.ActiveCfg = Debug|Any CPU
		{55758D21-7946-4AAD-B06A-8281AB1920EE}.Debug|Any CPU.Build.0 = Debug|Any CPU
		{55758D21-7946-4AAD-B06A-8281AB1920EE}.Release|Any CPU.ActiveCfg = Release|Any CPU
		{55758D21-7946-4AAD-B06A-8281AB1920EE}.Release|Any CPU.Build.0 = Release|Any CPU
	EndGlobalSection
	GlobalSection(SolutionProperties) = preSolution
		HideSolutionNode = FALSE
	EndGlobalSection
	GlobalSection(NestedProjects) = preSolution
		{433601AC-70AE-4AC1-9800-73A8F697E190} = {46C8795E-C0D8-4167-A3A3-76EC37F34DFE}
		{ED99E405-86BB-44D3-ADF4-551B2E8EB7B7} = {46C8795E-C0D8-4167-A3A3-76EC37F34DFE}
		{CD01F127-0F34-4741-95EB-BDEB865BC4B1} = {46C8795E-C0D8-4167-A3A3-76EC37F34DFE}
		{024F81D8-3F6F-48D7-83FB-923D43D9F050} = {46C8795E-C0D8-4167-A3A3-76EC37F34DFE}
		{0CA1CD69-5C0B-4403-AE0B-ADC70ED6154D} = {46C8795E-C0D8-4167-A3A3-76EC37F34DFE}
		{FABE7CAC-7F28-4D5A-BC4A-073C9E5C4651} = {B6025E05-D1F1-4300-95C5-D67E8FB1290F}
		{EDD45E32-C105-4D9C-8A77-4899F8C77B88} = {A28647A4-758A-4528-A457-CD86CCEB5918}
		{A28647A4-758A-4528-A457-CD86CCEB5918} = {1DA79604-049B-4C1B-AA3B-56F6B605DC01}
		{F8CE14A9-334B-4009-9AD1-9D996D6251FB} = {A28647A4-758A-4528-A457-CD86CCEB5918}
		{46C8795E-C0D8-4167-A3A3-76EC37F34DFE} = {1DA79604-049B-4C1B-AA3B-56F6B605DC01}
		{B6025E05-D1F1-4300-95C5-D67E8FB1290F} = {1DA79604-049B-4C1B-AA3B-56F6B605DC01}
		{511475E9-9C78-4140-8E03-BBA791CC6530} = {1DA79604-049B-4C1B-AA3B-56F6B605DC01}
		{99368808-9A9E-4C85-86A1-032F888B5723} = {A28647A4-758A-4528-A457-CD86CCEB5918}
		{84050FBD-C3DF-4AD8-B68D-70382AB0431C} = {A28647A4-758A-4528-A457-CD86CCEB5918}
		{47749577-B4E0-43F5-8F4F-23950926CF52} = {46C8795E-C0D8-4167-A3A3-76EC37F34DFE}
		{2DF5B172-4F2B-4D17-B76A-A5538E40261B} = {46C8795E-C0D8-4167-A3A3-76EC37F34DFE}
		{FAC54C31-0B95-4214-BA2C-C2B1C37D4FFC} = {46C8795E-C0D8-4167-A3A3-76EC37F34DFE}
		{6C4D5D85-F488-4D42-AFAB-9A427B55E564} = {511475E9-9C78-4140-8E03-BBA791CC6530}
		{746CECCE-814E-4C1B-9595-4280EDD68761} = {46C8795E-C0D8-4167-A3A3-76EC37F34DFE}
		{ED256E90-2BBB-410E-B356-53AEBFC0A28C} = {1DA79604-049B-4C1B-AA3B-56F6B605DC01}
		{81EE5E80-8A0C-4570-8D53-7F4B4E9E3F79} = {ED256E90-2BBB-410E-B356-53AEBFC0A28C}
		{C3789116-497F-4AA5-B55B-C52301E47BE9} = {ED256E90-2BBB-410E-B356-53AEBFC0A28C}
		{A3E08FD1-055C-430A-9254-A71734A8E97C} = {B6025E05-D1F1-4300-95C5-D67E8FB1290F}
		{A1D34D8A-1B64-4B18-8600-A6BEF9E86068} = {A28647A4-758A-4528-A457-CD86CCEB5918}
		{55758D21-7946-4AAD-B06A-8281AB1920EE} = {A28647A4-758A-4528-A457-CD86CCEB5918}
	EndGlobalSection
	GlobalSection(ExtensibilityGlobals) = postSolution
		SolutionGuid = {86827A57-DEAA-44CB-BB81-DCBDC46B87DD}
	EndGlobalSection
EndGlobal
